
Microsoft Visual Studio Solution File, Format Version 12.00
# Visual Studio Version 17
VisualStudioVersion = 17.4.33110.190
MinimumVisualStudioVersion = 10.0.40219.1
Project("{FAE04EC0-301F-11D3-BF4B-00C04F79EFBC}") = "RestWithASP-NET", "RestWithASP-NET\RestWithASP-NET.csproj", "{B6731465-1A12-45C7-9E8E-BD5A1FF0B1DE}"
EndProject
Global
	GlobalSection(SolutionConfigurationPlatforms) = preSolution
		Debug|Any CPU = Debug|Any CPU
		Debug|x64 = Debug|x64
		Debug|x86 = Debug|x86
		Release|Any CPU = Release|Any CPU
		Release|x64 = Release|x64
		Release|x86 = Release|x86
	EndGlobalSection
	GlobalSection(ProjectConfigurationPlatforms) = postSolution
		{B6731465-1A12-45C7-9E8E-BD5A1FF0B1DE}.Debug|Any CPU.ActiveCfg = Debug|Any CPU
		{B6731465-1A12-45C7-9E8E-BD5A1FF0B1DE}.Debug|Any CPU.Build.0 = Debug|Any CPU
		{B6731465-1A12-45C7-9E8E-BD5A1FF0B1DE}.Debug|x64.ActiveCfg = Debug|Any CPU
		{B6731465-1A12-45C7-9E8E-BD5A1FF0B1DE}.Debug|x64.Build.0 = Debug|Any CPU
		{B6731465-1A12-45C7-9E8E-BD5A1FF0B1DE}.Debug|x86.ActiveCfg = Debug|Any CPU
		{B6731465-1A12-45C7-9E8E-BD5A1FF0B1DE}.Debug|x86.Build.0 = Debug|Any CPU
		{B6731465-1A12-45C7-9E8E-BD5A1FF0B1DE}.Release|Any CPU.ActiveCfg = Release|Any CPU
		{B6731465-1A12-45C7-9E8E-BD5A1FF0B1DE}.Release|Any CPU.Build.0 = Release|Any CPU
		{B6731465-1A12-45C7-9E8E-BD5A1FF0B1DE}.Release|x64.ActiveCfg = Release|Any CPU
		{B6731465-1A12-45C7-9E8E-BD5A1FF0B1DE}.Release|x64.Build.0 = Release|Any CPU
		{B6731465-1A12-45C7-9E8E-BD5A1FF0B1DE}.Release|x86.ActiveCfg = Release|Any CPU
		{B6731465-1A12-45C7-9E8E-BD5A1FF0B1DE}.Release|x86.Build.0 = Release|Any CPU
	EndGlobalSection
	GlobalSection(SolutionProperties) = preSolution
		HideSolutionNode = FALSE
	EndGlobalSection
	GlobalSection(ExtensibilityGlobals) = postSolution
		SolutionGuid = {D2C0D989-F20E-45E9-8BAF-3022547E109D}
	EndGlobalSection
EndGlobal
